lockfileVersion: '6.0'

settings:
  autoInstallPeers: true
  excludeLinksFromLockfile: false

dependencies:
  '@ant-design/icons-vue':
    specifier: ^6.1.0
    version: 6.1.0(vue@3.3.4)
  '@googlemaps/js-api-loader':
    specifier: ^1.16.2
    version: 1.16.2
  ant-design-vue:
    specifier: ^4.0.0
    version: 4.0.0(vue@3.3.4)
  vue:
    specifier: ^3.3.4
    version: 3.3.4

devDependencies:
  '@vitejs/plugin-vue':
    specifier: ^4.2.3
    version: 4.2.3(vite@4.4.5)(vue@3.3.4)
  vite:
    specifier: ^4.4.5
    version: 4.4.5

packages:

  /@ant-design/colors@6.0.0:
    resolution: {integrity: sha1-m5NmJXz/zEfbQrnQIDu1ksE8Apg=}
    dependencies:
      '@ctrl/tinycolor': 3.6.0
    dev: false

  /@ant-design/icons-svg@4.3.0:
    resolution: {integrity: sha1-zY02JLulCXXoSFkc6hLLa+EyzYI=}
    dev: false

  /@ant-design/icons-vue@6.1.0(vue@3.3.4):
    resolution: {integrity: sha1-+TJP3A60zqlDz2JtK/Pbmk/0wHQ=}
    peerDependencies:
      vue: '>=3.0.3'
    dependencies:
      '@ant-design/colors': 6.0.0
      '@ant-design/icons-svg': 4.3.0
      vue: 3.3.4
    dev: false

  /@babel/helper-string-parser@7.22.5:
    resolution: {integrity: sha1-Uz82RXolgUzx32SIUjrVR9eEqZ8=}
    engines: {node: '>=6.9.0'}

  /@babel/helper-validator-identifier@7.22.5:
    resolution: {integrity: sha1-lUTvajOZk0PIdA+lE1DzDuqq8ZM=}
    engines: {node: '>=6.9.0'}

  /@babel/parser@7.22.10:
    resolution: {integrity: sha1-43Y0+aEqFxYTbERiTvVCg8q9P1U=}
    engines: {node: '>=6.0.0'}
    hasBin: true
    dependencies:
      '@babel/types': 7.22.10

  /@babel/runtime@7.22.10:
    resolution: {integrity: sha1-rj6WMf2UfLfjYQ0+nY/vX3ZpZoI=}
    engines: {node: '>=6.9.0'}
    dependencies:
      regenerator-runtime: 0.14.0
    dev: false

  /@babel/types@7.22.10:
    resolution: {integrity: sha1-Sp52RGBI8sZpgtGpid0SuKLS3AM=}
    engines: {node: '>=6.9.0'}
    dependencies:
      '@babel/helper-string-parser': 7.22.5
      '@babel/helper-validator-identifier': 7.22.5
      to-fast-properties: 2.0.0

  /@ctrl/tinycolor@3.6.0:
    resolution: {integrity: sha1-U/pf6cNPruiUaeSPkdUaN2YQi8g=}
    engines: {node: '>=10'}
    dev: false

  /@emotion/hash@0.9.1:
    resolution: {integrity: sha1-T/sAVffvZ268OlqR+2ITkylOL0M=}
    dev: false

  /@emotion/unitless@0.8.1:
    resolution: {integrity: sha1-GCtaRwTvitkb3pP3qGCoj9kseaM=}
    dev: false

  /@esbuild/android-arm64@0.18.20:
    resolution: {integrity: sha1-mEtPnI0Dd0Q8wt/O8mbQIkRZNiI=}
    engines: {node: '>=12'}
    cpu: [arm64]
    os: [android]
    requiresBuild: true
    dev: true
    optional: true

  /@esbuild/android-arm@0.18.20:
    resolution: {integrity: sha1-/tsmW8OlichMwR+BCATyNJR8NoI=}
    engines: {node: '>=12'}
    cpu: [arm]
    os: [android]
    requiresBuild: true
    dev: true
    optional: true

  /@esbuild/android-x64@0.18.20:
    resolution: {integrity: sha1-Nc9BnEz8i6voiT0pbNmQ6en3VvI=}
    engines: {node: '>=12'}
    cpu: [x64]
    os: [android]
    requiresBuild: true
    dev: true
    optional: true

  /@esbuild/darwin-arm64@0.18.20:
    resolution: {integrity: sha1-CBcsvsz5X7w4M5mn85z73a6w18E=}
    engines: {node: '>=12'}
    cpu: [arm64]
    os: [darwin]
    requiresBuild: true
    dev: true
    optional: true

  /@esbuild/darwin-x64@0.18.20:
    resolution: {integrity: sha1-1w1XkNi/R1VWtn0Pi3xb3/BT2F0=}
    engines: {node: '>=12'}
    cpu: [x64]
    os: [darwin]
    requiresBuild: true
    dev: true
    optional: true

  /@esbuild/freebsd-arm64@0.18.20:
    resolution: {integrity: sha1-mHVc0ScH+T8hDiSU1qS1G5aXf1Q=}
    engines: {node: '>=12'}
    cpu: [arm64]
    os: [freebsd]
    requiresBuild: true
    dev: true
    optional: true

  /@esbuild/freebsd-x64@0.18.20:
    resolution: {integrity: sha1-wesr/wORX4fCnOzkwaf6H0I7Bm4=}
    engines: {node: '>=12'}
    cpu: [x64]
    os: [freebsd]
    requiresBuild: true
    dev: true
    optional: true

  /@esbuild/linux-arm64@0.18.20:
    resolution: {integrity: sha1-utQji9j0/CW1oCEoDHcKtfw6AqA=}
    engines: {node: '>=12'}
    cpu: [arm64]
    os: [linux]
    requiresBuild: true
    dev: true
    optional: true

  /@esbuild/linux-arm@0.18.20:
    resolution: {integrity: sha1-PmF8YfM1CKJxUO5BdUPIq1rMc7A=}
    engines: {node: '>=12'}
    cpu: [arm]
    os: [linux]
    requiresBuild: true
    dev: true
    optional: true

  /@esbuild/linux-ia32@0.18.20:
    resolution: {integrity: sha1-aZORzMupruYBm3+YkuuZIZ8VcKc=}
    engines: {node: '>=12'}
    cpu: [ia32]
    os: [linux]
    requiresBuild: true
    dev: true
    optional: true

  /@esbuild/linux-loong64@0.18.20:
    resolution: {integrity: sha1-5vzLeqwXjdL/uYYEZayJ1/I7l30=}
    engines: {node: '>=12'}
    cpu: [loong64]
    os: [linux]
    requiresBuild: true
    dev: true
    optional: true

  /@esbuild/linux-mips64el@0.18.20:
    resolution: {integrity: sha1-7v86k33pwjEN4wYiqVetG9kYMjE=}
    engines: {node: '>=12'}
    cpu: [mips64el]
    os: [linux]
    requiresBuild: true
    dev: true
    optional: true

  /@esbuild/linux-ppc64@0.18.20:
    resolution: {integrity: sha1-L3FWveILAVJ5k+aIFDWtebqVmfs=}
    engines: {node: '>=12'}
    cpu: [ppc64]
    os: [linux]
    requiresBuild: true
    dev: true
    optional: true

  /@esbuild/linux-riscv64@0.18.20:
    resolution: {integrity: sha1-Zig4nyEBI9i0dDBFr4yqfU3fx6Y=}
    engines: {node: '>=12'}
    cpu: [riscv64]
    os: [linux]
    requiresBuild: true
    dev: true
    optional: true

  /@esbuild/linux-s390x@0.18.20:
    resolution: {integrity: sha1-JV6B+yibEBAmExhYq5n7pj3PAHE=}
    engines: {node: '>=12'}
    cpu: [s390x]
    os: [linux]
    requiresBuild: true
    dev: true
    optional: true

  /@esbuild/linux-x64@0.18.20:
    resolution: {integrity: sha1-x2kLNBevMYqbb5bfMDGohlF20zg=}
    engines: {node: '>=12'}
    cpu: [x64]
    os: [linux]
    requiresBuild: true
    dev: true
    optional: true

  /@esbuild/netbsd-x64@0.18.20:
    resolution: {integrity: sha1-MOjNij3e1jl14t8kOMoQlgHr4NE=}
    engines: {node: '>=12'}
    cpu: [x64]
    os: [netbsd]
    requiresBuild: true
    dev: true
    optional: true

  /@esbuild/openbsd-x64@0.18.20:
    resolution: {integrity: sha1-eBKvMbIFBVh0yAguqc+asNpiF64=}
    engines: {node: '>=12'}
    cpu: [x64]
    os: [openbsd]
    requiresBuild: true
    dev: true
    optional: true

  /@esbuild/sunos-x64@0.18.20:
    resolution: {integrity: sha1-1cJ1w7TnPJsOzTjRymLAIPiHq50=}
    engines: {node: '>=12'}
    cpu: [x64]
    os: [sunos]
    requiresBuild: true
    dev: true
    optional: true

  /@esbuild/win32-arm64@0.18.20:
    resolution: {integrity: sha1-c7x/Wp+Kd4BfNX+rl/KQ0OSCCsk=}
    engines: {node: '>=12'}
    cpu: [arm64]
    os: [win32]
    requiresBuild: true
    dev: true
    optional: true

  /@esbuild/win32-ia32@0.18.20:
    resolution: {integrity: sha1-7JPL8O8QhcwS5x4NZh0gVp/0IQI=}
    engines: {node: '>=12'}
    cpu: [ia32]
    os: [win32]
    requiresBuild: true
    dev: true
    optional: true

  /@esbuild/win32-x64@0.18.20:
    resolution: {integrity: sha1-eGxfQfBDsHr7GvN2g9fDNmiFj20=}
    engines: {node: '>=12'}
    cpu: [x64]
    os: [win32]
    requiresBuild: true
    dev: true
    optional: true

  /@googlemaps/js-api-loader@1.16.2:
    resolution: {integrity: sha1-P+dI4hJD+OgyLGd6VSXFaa6c2+k=}
    dependencies:
      fast-deep-equal: 3.1.3
    dev: false

  /@jridgewell/sourcemap-codec@1.4.15:
    resolution: {integrity: sha1-18bmdVx4VnqVHgSrUu8P0m3lnzI=}

  /@simonwep/pickr@1.8.2:
    resolution: {integrity: sha1-ltyGZ1lA18rWPWnCIIPdHLuXl8s=}
    dependencies:
      core-js: 3.32.0
      nanopop: 2.3.0
    dev: false

  /@vitejs/plugin-vue@4.2.3(vite@4.4.5)(vue@3.3.4):
    resolution: {integrity: sha1-7gtt/MYv5lNk5jlb84+iuhC7RLY=}
    engines: {node: ^14.18.0 || >=16.0.0}
    peerDependencies:
      vite: ^4.0.0
      vue: ^3.2.25
    dependencies:
      vite: 4.4.5
      vue: 3.3.4
    dev: true

  /@vue/compiler-core@3.3.4:
    resolution: {integrity: sha1-f79ZHBwZ4azSj/0oRSbpi09YESg=}
    dependencies:
      '@babel/parser': 7.22.10
      '@vue/shared': 3.3.4
      estree-walker: 2.0.2
      source-map-js: 1.0.2

  /@vue/compiler-dom@3.3.4:
    resolution: {integrity: sha1-9W4JtfTX3DUPmBeE3pcT2CM0EVE=}
    dependencies:
      '@vue/compiler-core': 3.3.4
      '@vue/shared': 3.3.4

  /@vue/compiler-sfc@3.3.4:
    resolution: {integrity: sha1-sZ2ULHGTiJNTW0YibWAnIFkwAd8=}
    dependencies:
      '@babel/parser': 7.22.10
      '@vue/compiler-core': 3.3.4
      '@vue/compiler-dom': 3.3.4
      '@vue/compiler-ssr': 3.3.4
      '@vue/reactivity-transform': 3.3.4
      '@vue/shared': 3.3.4
      estree-walker: 2.0.2
      magic-string: 0.30.2
      postcss: 8.4.27
      source-map-js: 1.0.2

  /@vue/compiler-ssr@3.3.4:
    resolution: {integrity: sha1-nRN5q/+k8rDNhEF0zuxKlyETh3c=}
    dependencies:
      '@vue/compiler-dom': 3.3.4
      '@vue/shared': 3.3.4

  /@vue/reactivity-transform@3.3.4:
    resolution: {integrity: sha1-UpCEduNNamXGwhzSci1B7YrlGSk=}
    dependencies:
      '@babel/parser': 7.22.10
      '@vue/compiler-core': 3.3.4
      '@vue/shared': 3.3.4
      estree-walker: 2.0.2
      magic-string: 0.30.2

  /@vue/reactivity@3.3.4:
    resolution: {integrity: sha1-onopxs0X+rpaDpn7uG7pUWU+IlM=}
    dependencies:
      '@vue/shared': 3.3.4

  /@vue/runtime-core@3.3.4:
    resolution: {integrity: sha1-S7M4cru1g3IbNA8wiIiDlBlZZ9E=}
    dependencies:
      '@vue/reactivity': 3.3.4
      '@vue/shared': 3.3.4

  /@vue/runtime-dom@3.3.4:
    resolution: {integrity: sha1-mS8ledDtbOlh9Hu+m/5LZ5ElFWY=}
    dependencies:
      '@vue/runtime-core': 3.3.4
      '@vue/shared': 3.3.4
      csstype: 3.1.2

  /@vue/server-renderer@3.3.4(vue@3.3.4):
    resolution: {integrity: sha1-6kZZS3ldFTbym8WS3Q9mVffqTEw=}
    peerDependencies:
      vue: 3.3.4
    dependencies:
      '@vue/compiler-ssr': 3.3.4
      '@vue/shared': 3.3.4
      vue: 3.3.4

  /@vue/shared@3.3.4:
    resolution: {integrity: sha1-Bug8UCf0ZO74YcMpvoFFS8i3B4A=}

  /ant-design-vue@4.0.0(vue@3.3.4):
    resolution: {integrity: sha1-guoYLURTDXZjyZnZtNWUIGUksho=}
    engines: {node: '>=12.22.0'}
    peerDependencies:
      vue: '>=3.2.0'
    dependencies:
      '@ant-design/colors': 6.0.0
      '@ant-design/icons-vue': 6.1.0(vue@3.3.4)
      '@babel/runtime': 7.22.10
      '@ctrl/tinycolor': 3.6.0
      '@emotion/hash': 0.9.1
      '@emotion/unitless': 0.8.1
      '@simonwep/pickr': 1.8.2
      array-tree-filter: 2.1.0
      async-validator: 4.2.5
      csstype: 3.1.2
      dayjs: 1.11.9
      dom-align: 1.12.4
      dom-scroll-into-view: 2.0.1
      lodash: 4.17.21
      lodash-es: 4.17.21
      resize-observer-polyfill: 1.5.1
      scroll-into-view-if-needed: 2.2.31
      shallow-equal: 1.2.1
      stylis: 4.3.0
      throttle-debounce: 5.0.0
      vue: 3.3.4
      vue-types: 3.0.2(vue@3.3.4)
      warning: 4.0.3
    dev: false

  /array-tree-filter@2.1.0:
    resolution: {integrity: sha1-hzrAD+yDdJ8lWsjdCDgUtPYykZA=}
    dev: false

  /async-validator@4.2.5:
    resolution: {integrity: sha1-yW6jMypSFpnQr6rO7VEKVGVsYzk=}
    dev: false

  /compute-scroll-into-view@1.0.20:
    resolution: {integrity: sha1-F2i1Ui0RcnVPXQybAt469r5QakM=}
    dev: false

  /core-js@3.32.0:
    resolution: {integrity: sha1-dkPTU9iZdHqx+LA9KAOwMSoPs7Y=}
    requiresBuild: true
    dev: false

  /csstype@3.1.2:
    resolution: {integrity: sha1-HUv51XLxHBQDHwQ24cELwfVx9Qs=}

  /dayjs@1.11.9:
    resolution: {integrity: sha1-nKSRkz+t0KYKLBn2wjfANRfXHRo=}
    dev: false

  /dom-align@1.12.4:
    resolution: {integrity: sha1-NQOZLrKnz8su07Km0h4LnADVRRE=}
    dev: false

  /dom-scroll-into-view@2.0.1:
    resolution: {integrity: sha1-DezIUigB/Y0/HGujVadNOCxfmJs=}
    dev: false

  /esbuild@0.18.20:
    resolution: {integrity: sha1-Rwn1o0gBtDt5mrfW2C9yhKm3p6Y=}
    engines: {node: '>=12'}
    hasBin: true
    requiresBuild: true
    optionalDependencies:
      '@esbuild/android-arm': 0.18.20
      '@esbuild/android-arm64': 0.18.20
      '@esbuild/android-x64': 0.18.20
      '@esbuild/darwin-arm64': 0.18.20
      '@esbuild/darwin-x64': 0.18.20
      '@esbuild/freebsd-arm64': 0.18.20
      '@esbuild/freebsd-x64': 0.18.20
      '@esbuild/linux-arm': 0.18.20
      '@esbuild/linux-arm64': 0.18.20
      '@esbuild/linux-ia32': 0.18.20
      '@esbuild/linux-loong64': 0.18.20
      '@esbuild/linux-mips64el': 0.18.20
      '@esbuild/linux-ppc64': 0.18.20
      '@esbuild/linux-riscv64': 0.18.20
      '@esbuild/linux-s390x': 0.18.20
      '@esbuild/linux-x64': 0.18.20
      '@esbuild/netbsd-x64': 0.18.20
      '@esbuild/openbsd-x64': 0.18.20
      '@esbuild/sunos-x64': 0.18.20
      '@esbuild/win32-arm64': 0.18.20
      '@esbuild/win32-ia32': 0.18.20
      '@esbuild/win32-x64': 0.18.20
    dev: true

  /estree-walker@2.0.2:
    resolution: {integrity: sha1-UvAQF4wqTBF6d1fP6UKtt9LaTKw=}

  /fast-deep-equal@3.1.3:
    resolution: {integrity: sha1-On1WtVnWy8PrUSMlJE5hmmXGxSU=}
    dev: false

  /fsevents@2.3.2:
    resolution: {integrity: sha1-ilJveLj99GI7cJ4Ll1xSwkwC/Ro=}
    engines: {node: ^8.16.0 || ^10.6.0 || >=11.0.0}
    os: [darwin]
    requiresBuild: true
    dev: true
    optional: true

  /is-plain-object@3.0.1:
    resolution: {integrity: sha1-Zi2S0kwKpDAkB7DUXSHyJRyF+Fs=}
    engines: {node: '>=0.10.0'}
    dev: false

  /js-tokens@4.0.0:
    resolution: {integrity: sha1-GSA/tZmR35jjoocFDUZHzerzJJk=}
    dev: false

  /lodash-es@4.17.21:
    resolution: {integrity: sha1-Q+YmxG5lkbd1C+srUBFzkMYJ4+4=}
    dev: false

  /lodash@4.17.21:
    resolution: {integrity: sha1-Z5WRxWTDv/quhFTPCz3zcMPWkRw=}
    dev: false

  /loose-envify@1.4.0:
    resolution: {integrity: sha1-ce5R+nvkyuwaY4OffmgtgTLTDK8=}
    hasBin: true
    dependencies:
      js-tokens: 4.0.0
    dev: false

  /magic-string@0.30.2:
    resolution: {integrity: sha1-3PBKrT0NExS8dD0HbFD+sps8eso=}
    engines: {node: '>=12'}
    dependencies:
      '@jridgewell/sourcemap-codec': 1.4.15

  /nanoid@3.3.6:
    resolution: {integrity: sha1-RDOAyFbW6fmCQmfZYLQjatWD6kw=}
    engines: {node: ^10 || ^12 || ^13.7 || ^14 || >=15.0.1}
    hasBin: true

  /nanopop@2.3.0:
    resolution: {integrity: sha1-pfZy+6J9RdbsvQtZeJwEAHKRUSM=}
    dev: false

  /picocolors@1.0.0:
    resolution: {integrity: sha1-y1vcdP8/UYkiNur3nWi8RFZKuBw=}

  /postcss@8.4.27:
    resolution: {integrity: sha1-I01+S3LjS6WpLCljZzQ0ng2cMFc=}
    engines: {node: ^10 || ^12 || >=14}
    dependencies:
      nanoid: 3.3.6
      picocolors: 1.0.0
      source-map-js: 1.0.2

  /regenerator-runtime@0.14.0:
    resolution: {integrity: sha1-XhnWjrEtSG95fhWjxqkY987F60U=}
    dev: false

  /resize-observer-polyfill@1.5.1:
    resolution: {integrity: sha1-DpAg3T0hAkRY1OvSfiPkAmmBBGQ=}
    dev: false

  /rollup@3.28.0:
    resolution: {integrity: sha1-o8cABLAZNHYMDLjfcXx6HZMjiaI=}
    engines: {node: '>=14.18.0', npm: '>=8.0.0'}
    hasBin: true
    optionalDependencies:
      fsevents: 2.3.2
    dev: true

  /scroll-into-view-if-needed@2.2.31:
    resolution: {integrity: sha1-08SClZ3Eg+N5YtFSElTjKV0NFYc=}
    dependencies:
      compute-scroll-into-view: 1.0.20
    dev: false

  /shallow-equal@1.2.1:
    resolution: {integrity: sha1-TBar+lYEOqINBQMk76aJQLDaedo=}
    dev: false

  /source-map-js@1.0.2:
    resolution: {integrity: sha1-rbw2HZxi3zgBJefxYfccgm8eSQw=}
    engines: {node: '>=0.10.0'}

  /stylis@4.3.0:
    resolution: {integrity: sha1-q+MFpmn8PYd34Q7vz8c62GHFWIw=}
    dev: false

  /throttle-debounce@5.0.0:
    resolution: {integrity: sha1-oXpAOegqLtOKXnJo5BMtaWDUGTM=}
    engines: {node: '>=12.22'}
    dev: false

  /to-fast-properties@2.0.0:
    resolution: {integrity: sha1-3F5pjL0HkmW8c+A3doGk5Og/YW4=}
    engines: {node: '>=4'}

  /vite@4.4.5:
    resolution: {integrity: sha1-zprhoDhB0uyQ9WB0RxJJW/kU9pg=}
    engines: {node: ^14.18.0 || >=16.0.0}
    hasBin: true
    peerDependencies:
      '@types/node': '>= 14'
      less: '*'
      lightningcss: ^1.21.0
      sass: '*'
      stylus: '*'
      sugarss: '*'
      terser: ^5.4.0
    peerDependenciesMeta:
      '@types/node':
        optional: true
      less:
        optional: true
      lightningcss:
        optional: true
      sass:
        optional: true
      stylus:
        optional: true
      sugarss:
        optional: true
      terser:
        optional: true
    dependencies:
      esbuild: 0.18.20
      postcss: 8.4.27
      rollup: 3.28.0
    optionalDependencies:
      fsevents: 2.3.2
    dev: true

  /vue-types@3.0.2(vue@3.3.4):
    resolution: {integrity: sha1-7BbgXUEsA4Ji/B76TOuWR+f7YB0=}
    engines: {node: '>=10.15.0'}
    peerDependencies:
      vue: ^3.0.0
    dependencies:
      is-plain-object: 3.0.1
      vue: 3.3.4
    dev: false

  /vue@3.3.4:
    resolution: {integrity: sha1-jtlF04c2Z98dD887JGOtoCj4i9Y=}
    dependencies:
      '@vue/compiler-dom': 3.3.4
      '@vue/compiler-sfc': 3.3.4
      '@vue/runtime-dom': 3.3.4
      '@vue/server-renderer': 3.3.4(vue@3.3.4)
      '@vue/shared': 3.3.4

  /warning@4.0.3:
    resolution: {integrity: sha1-Fungd+uKhtavfWSqHgX9hbRnjKM=}
    dependencies:
      loose-envify: 1.4.0
    dev: false
